// !$*UTF8*$!
{
	archiveVersion = 1;
	classes = {
	};
	objectVersion = 46;
	objects = {

/* Begin PBXBuildFile section */
		FA901ADC17115A7400A69C04 /* ACRecipe.m in Sources */ = {isa = PBXBuildFile; fileRef = FA901AD017115A7400A69C04 /* ACRecipe.m */; };
		FA901ADD17115A7400A69C04 /* JSONKit.m in Sources */ = {isa = PBXBuildFile; fileRef = FA901AD417115A7400A69C04 /* JSONKit.m */; settings = {COMPILER_FLAGS = "-fno-objc-arc"; }; };
		FA901ADF17115A7400A69C04 /* UIRecipeTableViewController.m in Sources */ = {isa = PBXBuildFile; fileRef = FA901ADB17115A7400A69C04 /* UIRecipeTableViewController.m */; };
		FA901AE217115B2E00A69C04 /* Recipe.json in Resources */ = {isa = PBXBuildFile; fileRef = FA901AE117115B2E00A69C04 /* Recipe.json */; };
		FA901AE817117C5B00A69C04 /* gulas.jpg in Resources */ = {isa = PBXBuildFile; fileRef = FA901AE417117C5B00A69C04 /* gulas.jpg */; };
		FA901AE917117C5B00A69C04 /* lasania.jpg in Resources */ = {isa = PBXBuildFile; fileRef = FA901AE517117C5B00A69C04 /* lasania.jpg */; };
		FA901AEA17117C5B00A69C04 /* pizza.jpg in Resources */ = {isa = PBXBuildFile; fileRef = FA901AE617117C5B00A69C04 /* pizza.jpg */; };
		FA901AEB17117C5B00A69C04 /* sarmale.png in Resources */ = {isa = PBXBuildFile; fileRef = FA901AE717117C5B00A69C04 /* sarmale.png */; };
		FA901AEE1711818100A69C04 /* Localizable.strings in Resources */ = {isa = PBXBuildFile; fileRef = FA901AEC1711818100A69C04 /* Localizable.strings */; };
		FA97F778171007D8002BD82A /* UIKit.framework in Frameworks */ = {isa = PBXBuildFile; fileRef = FA97F777171007D8002BD82A /* UIKit.framework */; };
		FA97F77A171007D8002BD82A /* Foundation.framework in Frameworks */ = {isa = PBXBuildFile; fileRef = FA97F779171007D8002BD82A /* Foundation.framework */; };
		FA97F77C171007D8002BD82A /* CoreGraphics.framework in Frameworks */ = {isa = PBXBuildFile; fileRef = FA97F77B171007D8002BD82A /* CoreGraphics.framework */; };
		FA97F782171007D8002BD82A /* InfoPlist.strings in Resources */ = {isa = PBXBuildFile; fileRef = FA97F780171007D8002BD82A /* InfoPlist.strings */; };
		FA97F784171007D8002BD82A /* main.m in Sources */ = {isa = PBXBuildFile; fileRef = FA97F783171007D8002BD82A /* main.m */; };
		FA97F788171007D8002BD82A /* AppDelegate.m in Sources */ = {isa = PBXBuildFile; fileRef = FA97F787171007D8002BD82A /* AppDelegate.m */; };
		FA97F78A171007D8002BD82A /* Default.png in Resources */ = {isa = PBXBuildFile; fileRef = FA97F789171007D8002BD82A /* Default.png */; };
		FA97F78C171007D8002BD82A /* Default@2x.png in Resources */ = {isa = PBXBuildFile; fileRef = FA97F78B171007D8002BD82A /* Default@2x.png */; };
		FA97F78E171007D8002BD82A /* Default-568h@2x.png in Resources */ = {isa = PBXBuildFile; fileRef = FA97F78D171007D8002BD82A /* Default-568h@2x.png */; };
		FA9F0AE0171940CD005B43C0 /* UIAboutViewController.m in Sources */ = {isa = PBXBuildFile; fileRef = FA9F0ADF171940CD005B43C0 /* UIAboutViewController.m */; };
		FA9F0AE217194560005B43C0 /* notepad.png in Resources */ = {isa = PBXBuildFile; fileRef = FA9F0AE117194560005B43C0 /* notepad.png */; };
		FA9F0AE617194B4A005B43C0 /* UIDetailedRecipeViewController.m in Sources */ = {isa = PBXBuildFile; fileRef = FA9F0AE517194B4A005B43C0 /* UIDetailedRecipeViewController.m */; };
		FA9F0AEC17196BE2005B43C0 /* ACRecipeManager.m in Sources */ = {isa = PBXBuildFile; fileRef = FA9F0AEB17196BE2005B43C0 /* ACRecipeManager.m */; };
/* End PBXBuildFile section */

/* Begin PBXFileReference section */
		FA901ACF17115A7400A69C04 /* ACRecipe.h */ = {isa = PBXFileReference; fileEncoding = 4; lastKnownFileType = sourcecode.c.h; lineEnding = 0; path = ACRecipe.h; sourceTree = "<group>"; xcLanguageSpecificationIdentifier = xcode.lang.objcpp; };
		FA901AD017115A7400A69C04 /* ACRecipe.m */ = {isa = PBXFileReference; fileEncoding = 4; lastKnownFileType = sourcecode.c.objc; lineEnding = 0; path = ACRecipe.m; sourceTree = "<group>"; xcLanguageSpecificationIdentifier = xcode.lang.objc; };
		FA901AD317115A7400A69C04 /* JSONKit.h */ = {isa = PBXFileReference; fileEncoding = 4; lastKnownFileType = sourcecode.c.h; path = JSONKit.h; sourceTree = "<group>"; };
		FA901AD417115A7400A69C04 /* JSONKit.m */ = {isa = PBXFileReference; fileEncoding = 4; lastKnownFileType = sourcecode.c.objc; path = JSONKit.m; sourceTree = "<group>"; };
		FA901ADA17115A7400A69C04 /* UIRecipeTableViewController.h */ = {isa = PBXFileReference; fileEncoding = 4; lastKnownFileType = sourcecode.c.h; path = UIRecipeTableViewController.h; sourceTree = "<group>"; };
		FA901ADB17115A7400A69C04 /* UIRecipeTableViewController.m */ = {isa = PBXFileReference; fileEncoding = 4; lastKnownFileType = sourcecode.c.objc; path = UIRecipeTableViewController.m; sourceTree = "<group>"; };
		FA901AE117115B2E00A69C04 /* Recipe.json */ = {isa = PBXFileReference; fileEncoding = 4; lastKnownFileType = text.json; path = Recipe.json; sourceTree = "<group>"; };
		FA901AE417117C5B00A69C04 /* gulas.jpg */ = {isa = PBXFileReference; lastKnownFileType = image.jpeg; path = gulas.jpg; sourceTree = "<group>"; };
		FA901AE517117C5B00A69C04 /* lasania.jpg */ = {isa = PBXFileReference; lastKnownFileType = image.jpeg; path = lasania.jpg; sourceTree = "<group>"; };
		FA901AE617117C5B00A69C04 /* pizza.jpg */ = {isa = PBXFileReference; lastKnownFileType = image.jpeg; path = pizza.jpg; sourceTree = "<group>"; };
		FA901AE717117C5B00A69C04 /* sarmale.png */ = {isa = PBXFileReference; lastKnownFileType = image.png; path = sarmale.png; sourceTree = "<group>"; };
		FA901AED1711818100A69C04 /* en */ = {isa = PBXFileReference; lastKnownFileType = text.plist.strings; lineEnding = 0; name = en; path = en.lproj/Localizable.strings; sourceTree = "<group>"; xcLanguageSpecificationIdentifier = xcode.lang.simpleColoring; };
		FA901AEF1711823400A69C04 /* ro */ = {isa = PBXFileReference; lastKnownFileType = text.plist.strings; lineEnding = 0; name = ro; path = ro.lproj/Localizable.strings; sourceTree = "<group>"; xcLanguageSpecificationIdentifier = xcode.lang.simpleColoring; };
		FA97F774171007D8002BD82A /* recipe.app */ = {isa = PBXFileReference; explicitFileType = wrapper.application; includeInIndex = 0; path = recipe.app; sourceTree = BUILT_PRODUCTS_DIR; };
		FA97F777171007D8002BD82A /* UIKit.framework */ = {isa = PBXFileReference; lastKnownFileType = wrapper.framework; name = UIKit.framework; path = System/Library/Frameworks/UIKit.framework; sourceTree = SDKROOT; };
		FA97F779171007D8002BD82A /* Foundation.framework */ = {isa = PBXFileReference; lastKnownFileType = wrapper.framework; name = Foundation.framework; path = System/Library/Frameworks/Foundation.framework; sourceTree = SDKROOT; };
		FA97F77B171007D8002BD82A /* CoreGraphics.framework */ = {isa = PBXFileReference; lastKnownFileType = wrapper.framework; name = CoreGraphics.framework; path = System/Library/Frameworks/CoreGraphics.framework; sourceTree = SDKROOT; };
		FA97F77F171007D8002BD82A /* recipe-Info.plist */ = {isa = PBXFileReference; lastKnownFileType = text.plist.xml; path = "recipe-Info.plist"; sourceTree = "<group>"; };
		FA97F781171007D8002BD82A /* en */ = {isa = PBXFileReference; lastKnownFileType = text.plist.strings; name = en; path = en.lproj/InfoPlist.strings; sourceTree = "<group>"; };
		FA97F783171007D8002BD82A /* main.m */ = {isa = PBXFileReference; lastKnownFileType = sourcecode.c.objc; lineEnding = 0; path = main.m; sourceTree = "<group>"; xcLanguageSpecificationIdentifier = xcode.lang.objc; };
		FA97F785171007D8002BD82A /* recipe-Prefix.pch */ = {isa = PBXFileReference; lastKnownFileType = sourcecode.c.h; path = "recipe-Prefix.pch"; sourceTree = "<group>"; };
		FA97F786171007D8002BD82A /* AppDelegate.h */ = {isa = PBXFileReference; lastKnownFileType = sourcecode.c.h; lineEnding = 0; path = AppDelegate.h; sourceTree = "<group>"; xcLanguageSpecificationIdentifier = xcode.lang.objcpp; };
		FA97F787171007D8002BD82A /* AppDelegate.m */ = {isa = PBXFileReference; lastKnownFileType = sourcecode.c.objc; lineEnding = 0; path = AppDelegate.m; sourceTree = "<group>"; xcLanguageSpecificationIdentifier = xcode.lang.objc; };
		FA97F789171007D8002BD82A /* Default.png */ = {isa = PBXFileReference; lastKnownFileType = image.png; path = Default.png; sourceTree = "<group>"; };
		FA97F78B171007D8002BD82A /* Default@2x.png */ = {isa = PBXFileReference; lastKnownFileType = image.png; path = "Default@2x.png"; sourceTree = "<group>"; };
		FA97F78D171007D8002BD82A /* Default-568h@2x.png */ = {isa = PBXFileReference; lastKnownFileType = image.png; path = "Default-568h@2x.png"; sourceTree = "<group>"; };
		FA9F0ADE171940CD005B43C0 /* UIAboutViewController.h */ = {isa = PBXFileReference; fileEncoding = 4; lastKnownFileType = sourcecode.c.h; path = UIAboutViewController.h; sourceTree = "<group>"; };
		FA9F0ADF171940CD005B43C0 /* UIAboutViewController.m */ = {isa = PBXFileReference; fileEncoding = 4; lastKnownFileType = sourcecode.c.objc; path = UIAboutViewController.m; sourceTree = "<group>"; };
		FA9F0AE117194560005B43C0 /* notepad.png */ = {isa = PBXFileReference; lastKnownFileType = image.png; path = notepad.png; sourceTree = "<group>"; };
		FA9F0AE417194B4A005B43C0 /* UIDetailedRecipeViewController.h */ = {isa = PBXFileReference; fileEncoding = 4; lastKnownFileType = sourcecode.c.h; path = UIDetailedRecipeViewController.h; sourceTree = "<group>"; };
		FA9F0AE517194B4A005B43C0 /* UIDetailedRecipeViewController.m */ = {isa = PBXFileReference; fileEncoding = 4; lastKnownFileType = sourcecode.c.objc; path = UIDetailedRecipeViewController.m; sourceTree = "<group>"; };
		FA9F0AEA17196BE2005B43C0 /* ACRecipeManager.h */ = {isa = PBXFileReference; fileEncoding = 4; lastKnownFileType = sourcecode.c.h; path = ACRecipeManager.h; sourceTree = "<group>"; };
		FA9F0AEB17196BE2005B43C0 /* ACRecipeManager.m */ = {isa = PBXFileReference; fileEncoding = 4; lastKnownFileType = sourcecode.c.objc; path = ACRecipeManager.m; sourceTree = "<group>"; };
/* End PBXFileReference section */

/* Begin PBXFrameworksBuildPhase section */
		FA97F771171007D8002BD82A /* Frameworks */ = {
			isa = PBXFrameworksBuildPhase;
			buildActionMask = 2147483647;
			files = (
				FA97F778171007D8002BD82A /* UIKit.framework in Frameworks */,
				FA97F77A171007D8002BD82A /* Foundation.framework in Frameworks */,
				FA97F77C171007D8002BD82A /* CoreGraphics.framework in Frameworks */,
			);
			runOnlyForDeploymentPostprocessing = 0;
		};
/* End PBXFrameworksBuildPhase section */

/* Begin PBXGroup section */
		FA901ACC17115A7400A69C04 /* Classes */ = {
			isa = PBXGroup;
			children = (
				FA901ACD17115A7400A69C04 /* ApplicationCore */,
				FA901AD117115A7400A69C04 /* ExternalFramework */,
				FA901AD517115A7400A69C04 /* UIControllers */,
			);
			path = Classes;
			sourceTree = "<group>";
		};
		FA901ACD17115A7400A69C04 /* ApplicationCore */ = {
			isa = PBXGroup;
			children = (
				FA9F0AE917196BBF005B43C0 /* ACRecipeManager */,
				FA901ACE17115A7400A69C04 /* ACRecipe */,
			);
			path = ApplicationCore;
			sourceTree = "<group>";
		};
		FA901ACE17115A7400A69C04 /* ACRecipe */ = {
			isa = PBXGroup;
			children = (
				FA901ACF17115A7400A69C04 /* ACRecipe.h */,
				FA901AD017115A7400A69C04 /* ACRecipe.m */,
			);
			path = ACRecipe;
			sourceTree = "<group>";
		};
		FA901AD117115A7400A69C04 /* ExternalFramework */ = {
			isa = PBXGroup;
			children = (
				FA901AD217115A7400A69C04 /* JSONKit */,
			);
			path = ExternalFramework;
			sourceTree = "<group>";
		};
		FA901AD217115A7400A69C04 /* JSONKit */ = {
			isa = PBXGroup;
			children = (
				FA901AD317115A7400A69C04 /* JSONKit.h */,
				FA901AD417115A7400A69C04 /* JSONKit.m */,
			);
			path = JSONKit;
			sourceTree = "<group>";
		};
		FA901AD517115A7400A69C04 /* UIControllers */ = {
			isa = PBXGroup;
			children = (
				FA9F0ADD171940CD005B43C0 /* UIAboutViewController */,
				FA901AD917115A7400A69C04 /* UIRecipeTableViewController */,
			);
			path = UIControllers;
			sourceTree = "<group>";
		};
		FA901AD917115A7400A69C04 /* UIRecipeTableViewController */ = {
			isa = PBXGroup;
			children = (
				FA9F0AE317194B1B005B43C0 /* UIDetailedRecipeViewController */,
				FA901ADA17115A7400A69C04 /* UIRecipeTableViewController.h */,
				FA901ADB17115A7400A69C04 /* UIRecipeTableViewController.m */,
			);
			path = UIRecipeTableViewController;
			sourceTree = "<group>";
		};
		FA901AE017115B2E00A69C04 /* Resources */ = {
			isa = PBXGroup;
			children = (
				FA9F0AE117194560005B43C0 /* notepad.png */,
				FA901AE317117C2A00A69C04 /* Images */,
				FA901AE117115B2E00A69C04 /* Recipe.json */,
			);
			path = Resources;
			sourceTree = "<group>";
		};
		FA901AE317117C2A00A69C04 /* Images */ = {
			isa = PBXGroup;
			children = (
				FA901AE417117C5B00A69C04 /* gulas.jpg */,
				FA901AE517117C5B00A69C04 /* lasania.jpg */,
				FA901AE617117C5B00A69C04 /* pizza.jpg */,
				FA901AE717117C5B00A69C04 /* sarmale.png */,
			);
			path = Images;
			sourceTree = "<group>";
		};
		FA97F76B171007D8002BD82A = {
			isa = PBXGroup;
			children = (
				FA97F77D171007D8002BD82A /* recipe */,
				FA97F776171007D8002BD82A /* Frameworks */,
				FA97F775171007D8002BD82A /* Products */,
			);
			sourceTree = "<group>";
		};
		FA97F775171007D8002BD82A /* Products */ = {
			isa = PBXGroup;
			children = (
				FA97F774171007D8002BD82A /* recipe.app */,
			);
			name = Products;
			sourceTree = "<group>";
		};
		FA97F776171007D8002BD82A /* Frameworks */ = {
			isa = PBXGroup;
			children = (
				FA97F777171007D8002BD82A /* UIKit.framework */,
				FA97F779171007D8002BD82A /* Foundation.framework */,
				FA97F77B171007D8002BD82A /* CoreGraphics.framework */,
			);
			name = Frameworks;
			sourceTree = "<group>";
		};
		FA97F77D171007D8002BD82A /* recipe */ = {
			isa = PBXGroup;
			children = (
				FA901ACC17115A7400A69C04 /* Classes */,
				FA97F786171007D8002BD82A /* AppDelegate.h */,
				FA97F787171007D8002BD82A /* AppDelegate.m */,
				FA901AEC1711818100A69C04 /* Localizable.strings */,
				FA901AE017115B2E00A69C04 /* Resources */,
				FA97F77E171007D8002BD82A /* Supporting Files */,
			);
			path = recipe;
			sourceTree = "<group>";
		};
		FA97F77E171007D8002BD82A /* Supporting Files */ = {
			isa = PBXGroup;
			children = (
				FA97F77F171007D8002BD82A /* recipe-Info.plist */,
				FA97F780171007D8002BD82A /* InfoPlist.strings */,
				FA97F783171007D8002BD82A /* main.m */,
				FA97F785171007D8002BD82A /* recipe-Prefix.pch */,
				FA97F789171007D8002BD82A /* Default.png */,
				FA97F78B171007D8002BD82A /* Default@2x.png */,
				FA97F78D171007D8002BD82A /* Default-568h@2x.png */,
			);
			name = "Supporting Files";
			sourceTree = "<group>";
		};
		FA9F0ADD171940CD005B43C0 /* UIAboutViewController */ = {
			isa = PBXGroup;
			children = (
				FA9F0ADE171940CD005B43C0 /* UIAboutViewController.h */,
				FA9F0ADF171940CD005B43C0 /* UIAboutViewController.m */,
			);
			path = UIAboutViewController;
			sourceTree = "<group>";
		};
		FA9F0AE317194B1B005B43C0 /* UIDetailedRecipeViewController */ = {
			isa = PBXGroup;
			children = (
				FA9F0AE417194B4A005B43C0 /* UIDetailedRecipeViewController.h */,
				FA9F0AE517194B4A005B43C0 /* UIDetailedRecipeViewController.m */,
			);
			path = UIDetailedRecipeViewController;
			sourceTree = "<group>";
		};
		FA9F0AE917196BBF005B43C0 /* ACRecipeManager */ = {
			isa = PBXGroup;
			children = (
				FA9F0AEA17196BE2005B43C0 /* ACRecipeManager.h */,
				FA9F0AEB17196BE2005B43C0 /* ACRecipeManager.m */,
			);
			path = ACRecipeManager;
			sourceTree = "<group>";
		};
/* End PBXGroup section */

/* Begin PBXNativeTarget section */
		FA97F773171007D8002BD82A /* recipe */ = {
			isa = PBXNativeTarget;
			buildConfigurationList = FA97F791171007D8002BD82A /* Build configuration list for PBXNativeTarget "recipe" */;
			buildPhases = (
				FA97F770171007D8002BD82A /* Sources */,
				FA97F771171007D8002BD82A /* Frameworks */,
				FA97F772171007D8002BD82A /* Resources */,
			);
			buildRules = (
			);
			dependencies = (
			);
			name = recipe;
			productName = recipe;
			productReference = FA97F774171007D8002BD82A /* recipe.app */;
			productType = "com.apple.product-type.application";
		};
/* End PBXNativeTarget section */

/* Begin PBXProject section */
		FA97F76C171007D8002BD82A /* Project object */ = {
			isa = PBXProject;
			attributes = {
				LastUpgradeCheck = 0460;
				ORGANIZATIONNAME = Alex;
			};
			buildConfigurationList = FA97F76F171007D8002BD82A /* Build configuration list for PBXProject "recipe" */;
			compatibilityVersion = "Xcode 3.2";
			developmentRegion = English;
			hasScannedForEncodings = 0;
			knownRegions = (
				en,
				ro,
			);
			mainGroup = FA97F76B171007D8002BD82A;
			productRefGroup = FA97F775171007D8002BD82A /* Products */;
			projectDirPath = "";
			projectRoot = "";
			targets = (
				FA97F773171007D8002BD82A /* recipe */,
			);
		};
/* End PBXProject section */

/* Begin PBXResourcesBuildPhase section */
		FA97F772171007D8002BD82A /* Resources */ = {
			isa = PBXResourcesBuildPhase;
			buildActionMask = 2147483647;
			files = (
				FA97F782171007D8002BD82A /* InfoPlist.strings in Resources */,
				FA97F78A171007D8002BD82A /* Default.png in Resources */,
				FA97F78C171007D8002BD82A /* Default@2x.png in Resources */,
				FA97F78E171007D8002BD82A /* Default-568h@2x.png in Resources */,
				FA901AE217115B2E00A69C04 /* Recipe.json in Resources */,
				FA901AE817117C5B00A69C04 /* gulas.jpg in Resources */,
				FA901AE917117C5B00A69C04 /* lasania.jpg in Resources */,
				FA901AEA17117C5B00A69C04 /* pizza.jpg in Resources */,
				FA901AEB17117C5B00A69C04 /* sarmale.png in Resources */,
				FA901AEE1711818100A69C04 /* Localizable.strings in Resources */,
				FA9F0AE217194560005B43C0 /* notepad.png in Resources */,
			);
			runOnlyForDeploymentPostprocessing = 0;
		};
/* End PBXResourcesBuildPhase section */

/* Begin PBXSourcesBuildPhase section */
		FA97F770171007D8002BD82A /* Sources */ = {
			isa = PBXSourcesBuildPhase;
			buildActionMask = 2147483647;
			files = (
				FA97F784171007D8002BD82A /* main.m in Sources */,
				FA97F788171007D8002BD82A /* AppDelegate.m in Sources */,
				FA901ADC17115A7400A69C04 /* ACRecipe.m in Sources */,
				FA901ADD17115A7400A69C04 /* JSONKit.m in Sources */,
				FA901ADF17115A7400A69C04 /* UIRecipeTableViewController.m in Sources */,
				FA9F0AE0171940CD005B43C0 /* UIAboutViewController.m in Sources */,
				FA9F0AE617194B4A005B43C0 /* UIDetailedRecipeViewController.m in Sources */,
				FA9F0AEC17196BE2005B43C0 /* ACRecipeManager.m in Sources */,
			);
			runOnlyForDeploymentPostprocessing = 0;
		};
/* End PBXSourcesBuildPhase section */

/* Begin PBXVariantGroup section */
		FA901AEC1711818100A69C04 /* Localizable.strings */ = {
			isa = PBXVariantGroup;
			children = (
				FA901AED1711818100A69C04 /* en */,
				FA901AEF1711823400A69C04 /* ro */,
			);
			name = Localizable.strings;
			sourceTree = "<group>";
		};
		FA97F780171007D8002BD82A /* InfoPlist.strings */ = {
			isa = PBXVariantGroup;
			children = (
				FA97F781171007D8002BD82A /* en */,
			);
			name = InfoPlist.strings;
			sourceTree = "<group>";
		};
/* End PBXVariantGroup section */

/* Begin XCBuildConfiguration section */
		FA97F78F171007D8002BD82A /* Debug */ = {
			isa = XCBuildConfiguration;
			buildSettings = {
				ALWAYS_SEARCH_USER_PATHS = NO;
				CLANG_CXX_LANGUAGE_STANDARD = "gnu++0x";
				CLANG_CXX_LIBRARY = "libc++";
				CLANG_ENABLE_OBJC_ARC = YES;
				CLANG_WARN_CONSTANT_CONVERSION = YES;
				CLANG_WARN_EMPTY_BODY = YES;
				CLANG_WARN_ENUM_CONVERSION = YES;
				CLANG_WARN_INT_CONVERSION = YES;
				CLANG_WARN__DUPLICATE_METHOD_MATCH = YES;
				"CODE_SIGN_IDENTITY[sdk=iphoneos*]" = "iPhone Developer";
				COPY_PHASE_STRIP = NO;
				GCC_C_LANGUAGE_STANDARD = gnu99;
				GCC_DYNAMIC_NO_PIC = NO;
				GCC_OPTIMIZATION_LEVEL = 0;
				GCC_PREPROCESSOR_DEFINITIONS = (
					"DEBUG=1",
					"$(inherited)",
				);
				GCC_SYMBOLS_PRIVATE_EXTERN = NO;
				GCC_WARN_ABOUT_RETURN_TYPE = YES;
				GCC_WARN_UNINITIALIZED_AUTOS = YES;
				GCC_WARN_UNUSED_VARIABLE = YES;
				IPHONEOS_DEPLOYMENT_TARGET = 6.1;
				ONLY_ACTIVE_ARCH = YES;
				SDKROOT = iphoneos;
				TARGETED_DEVICE_FAMILY = "1,2";
			};
			name = Debug;
		};
		FA97F790171007D8002BD82A /* Release */ = {
			isa = XCBuildConfiguration;
			buildSettings = {
				ALWAYS_SEARCH_USER_PATHS = NO;
				CLANG_CXX_LANGUAGE_STANDARD = "gnu++0x";
				CLANG_CXX_LIBRARY = "libc++";
				CLANG_ENABLE_OBJC_ARC = YES;
				CLANG_WARN_CONSTANT_CONVERSION = YES;
				CLANG_WARN_EMPTY_BODY = YES;
				CLANG_WARN_ENUM_CONVERSION = YES;
				CLANG_WARN_INT_CONVERSION = YES;
				CLANG_WARN__DUPLICATE_METHOD_MATCH = YES;
				"CODE_SIGN_IDENTITY[sdk=iphoneos*]" = "iPhone Developer";
				COPY_PHASE_STRIP = YES;
				GCC_C_LANGUAGE_STANDARD = gnu99;
				GCC_WARN_ABOUT_RETURN_TYPE = YES;
				GCC_WARN_UNINITIALIZED_AUTOS = YES;
				GCC_WARN_UNUSED_VARIABLE = YES;
				IPHONEOS_DEPLOYMENT_TARGET = 6.1;
				OTHER_CFLAGS = "-DNS_BLOCK_ASSERTIONS=1";
				SDKROOT = iphoneos;
				TARGETED_DEVICE_FAMILY = "1,2";
				VALIDATE_PRODUCT = YES;
			};
			name = Release;
		};
		FA97F792171007D8002BD82A /* Debug */ = {
			isa = XCBuildConfiguration;
			buildSettings = {
				GCC_PRECOMPILE_PREFIX_HEADER = YES;
				GCC_PREFIX_HEADER = "recipe/recipe-Prefix.pch";
				INFOPLIST_FILE = "recipe/recipe-Info.plist";
				IPHONEOS_DEPLOYMENT_TARGET = 4.3;
				PRODUCT_NAME = "$(TARGET_NAME)";
				WRAPPER_EXTENSION = app;
			};
			name = Debug;
		};
		FA97F793171007D8002BD82A /* Release */ = {
			isa = XCBuildConfiguration;
			buildSettings = {
				GCC_PRECOMPILE_PREFIX_HEADER = YES;
				GCC_PREFIX_HEADER = "recipe/recipe-Prefix.pch";
				INFOPLIST_FILE = "recipe/recipe-Info.plist";
				IPHONEOS_DEPLOYMENT_TARGET = 4.3;
				PRODUCT_NAME = "$(TARGET_NAME)";
				WRAPPER_EXTENSION = app;
			};
			name = Release;
		};
/* End XCBuildConfiguration section */

/* Begin XCConfigurationList section */
		FA97F76F171007D8002BD82A /* Build configuration list for PBXProject "recipe" */ = {
			isa = XCConfigurationList;
			buildConfigurations = (
				FA97F78F171007D8002BD82A /* Debug */,
				FA97F790171007D8002BD82A /* Release */,
			);
			defaultConfigurationIsVisible = 0;
			defaultConfigurationName = Release;
		};
		FA97F791171007D8002BD82A /* Build configuration list for PBXNativeTarget "recipe" */ = {
			isa = XCConfigurationList;
			buildConfigurations = (
				FA97F792171007D8002BD82A /* Debug */,
				FA97F793171007D8002BD82A /* Release */,
			);
			defaultConfigurationIsVisible = 0;
			defaultConfigurationName = Release;
		};
/* End XCConfigurationList section */
	};
	rootObject = FA97F76C171007D8002BD82A /* Project object */;
}
